
Microsoft Visual Studio Solution File, Format Version 12.00
# Visual Studio Version 17
VisualStudioVersion = 17.13.35806.99 d17.13
MinimumVisualStudioVersion = 10.0.40219.1
Project("{FAE04EC0-301F-11D3-BF4B-00C04F79EFBC}") = "OrderProject.Console", "OrderProject.Console.csproj", "{0033BFF5-DDC8-4377-81C9-94CD99A7B2C1}"
EndProject
Global
	GlobalSection(SolutionConfigurationPlatforms) = preSolution
		Debug|Any CPU = Debug|Any CPU
		Release|Any CPU = Release|Any CPU
	EndGlobalSection
	GlobalSection(ProjectConfigurationPlatforms) = postSolution
		{0033BFF5-DDC8-4377-81C9-94CD99A7B2C1}.Debug|Any CPU.ActiveCfg = Debug|Any CPU
		{0033BFF5-DDC8-4377-81C9-94CD99A7B2C1}.Debug|Any CPU.Build.0 = Debug|Any CPU
		{0033BFF5-DDC8-4377-81C9-94CD99A7B2C1}.Release|Any CPU.ActiveCfg = Release|Any CPU
		{0033BFF5-DDC8-4377-81C9-94CD99A7B2C1}.Release|Any CPU.Build.0 = Release|Any CPU
	EndGlobalSection
	GlobalSection(SolutionProperties) = preSolution
		HideSolutionNode = FALSE
	EndGlobalSection
	GlobalSection(ExtensibilityGlobals) = postSolution
		SolutionGuid = {12C65570-0586-4B1B-A971-E11C23E6D0B1}
	EndGlobalSection
EndGlobal
